// !$*UTF8*$!
{
	archiveVersion = 1;
	classes = {
	};
	objectVersion = 46;
	objects = {

/* Begin PBXBuildFile section */
		7E7AA3DD1D5FB4030014A1F5 /* MemeStruct.swift in Sources */ = {isa = PBXBuildFile; fileRef = 7E7AA3DC1D5FB4030014A1F5 /* MemeStruct.swift */; };
		7EFDEF1F1D5D061900BC2324 /* AppDelegate.swift in Sources */ = {isa = PBXBuildFile; fileRef = 7EFDEF1E1D5D061900BC2324 /* AppDelegate.swift */; };
		7EFDEF211D5D061900BC2324 /* ViewController.swift in Sources */ = {isa = PBXBuildFile; fileRef = 7EFDEF201D5D061900BC2324 /* ViewController.swift */; };
		7EFDEF241D5D061900BC2324 /* Main.storyboard in Resources */ = {isa = PBXBuildFile; fileRef = 7EFDEF221D5D061900BC2324 /* Main.storyboard */; };
		7EFDEF291D5D061900BC2324 /* LaunchScreen.storyboard in Resources */ = {isa = PBXBuildFile; fileRef = 7EFDEF271D5D061900BC2324 /* LaunchScreen.storyboard */; };
		7EFDEF331D5D0E6B00BC2324 /* Media.xcassets in Resources */ = {isa = PBXBuildFile; fileRef = 7EFDEF321D5D0E6B00BC2324 /* Media.xcassets */; };
		7EFDEF351D5D158900BC2324 /* MemeTextFieldDelegate.swift in Sources */ = {isa = PBXBuildFile; fileRef = 7EFDEF341D5D158900BC2324 /* MemeTextFieldDelegate.swift */; };
/* End PBXBuildFile section */

/* Begin PBXFileReference section */
		7E7AA3DC1D5FB4030014A1F5 /* MemeStruct.swift */ = {isa = PBXFileReference; fileEncoding = 4; lastKnownFileType = sourcecode.swift; path = MemeStruct.swift; sourceTree = "<group>"; };
		7EFDEF1B1D5D061900BC2324 /* MemeMe 1.0.app */ = {isa = PBXFileReference; explicitFileType = wrapper.application; includeInIndex = 0; path = "MemeMe 1.0.app"; sourceTree = BUILT_PRODUCTS_DIR; };
		7EFDEF1E1D5D061900BC2324 /* AppDelegate.swift */ = {isa = PBXFileReference; lastKnownFileType = sourcecode.swift; path = AppDelegate.swift; sourceTree = "<group>"; };
		7EFDEF201D5D061900BC2324 /* ViewController.swift */ = {isa = PBXFileReference; lastKnownFileType = sourcecode.swift; path = ViewController.swift; sourceTree = "<group>"; };
		7EFDEF231D5D061900BC2324 /* Base */ = {isa = PBXFileReference; lastKnownFileType = file.storyboard; name = Base; path = Base.lproj/Main.storyboard; sourceTree = "<group>"; };
		7EFDEF281D5D061900BC2324 /* Base */ = {isa = PBXFileReference; lastKnownFileType = file.storyboard; name = Base; path = Base.lproj/LaunchScreen.storyboard; sourceTree = "<group>"; };
		7EFDEF2A1D5D061900BC2324 /* Info.plist */ = {isa = PBXFileReference; lastKnownFileType = text.plist.xml; path = Info.plist; sourceTree = "<group>"; };
		7EFDEF321D5D0E6B00BC2324 /* Media.xcassets */ = {isa = PBXFileReference; lastKnownFileType = folder.assetcatalog; path = Media.xcassets; sourceTree = "<group>"; };
		7EFDEF341D5D158900BC2324 /* MemeTextFieldDelegate.swift */ = {isa = PBXFileReference; fileEncoding = 4; lastKnownFileType = sourcecode.swift; path = MemeTextFieldDelegate.swift; sourceTree = "<group>"; };
/* End PBXFileReference section */

/* Begin PBXFrameworksBuildPhase section */
		7EFDEF181D5D061900BC2324 /* Frameworks */ = {
			isa = PBXFrameworksBuildPhase;
			buildActionMask = 2147483647;
			files = (
			);
			runOnlyForDeploymentPostprocessing = 0;
		};
/* End PBXFrameworksBuildPhase section */

/* Begin PBXGroup section */
		7EFDEF121D5D061800BC2324 = {
			isa = PBXGroup;
			children = (
				7EFDEF1D1D5D061900BC2324 /* MemeMe 1.0 */,
				7EFDEF1C1D5D061900BC2324 /* Products */,
			);
			sourceTree = "<group>";
		};
		7EFDEF1C1D5D061900BC2324 /* Products */ = {
			isa = PBXGroup;
			children = (
				7EFDEF1B1D5D061900BC2324 /* MemeMe 1.0.app */,
			);
			name = Products;
			sourceTree = "<group>";
		};
		7EFDEF1D1D5D061900BC2324 /* MemeMe 1.0 */ = {
			isa = PBXGroup;
			children = (
				7EFDEF1E1D5D061900BC2324 /* AppDelegate.swift */,
				7EFDEF201D5D061900BC2324 /* ViewController.swift */,
				7EFDEF221D5D061900BC2324 /* Main.storyboard */,
				7EFDEF271D5D061900BC2324 /* LaunchScreen.storyboard */,
				7EFDEF2A1D5D061900BC2324 /* Info.plist */,
				7EFDEF321D5D0E6B00BC2324 /* Media.xcassets */,
				7EFDEF341D5D158900BC2324 /* MemeTextFieldDelegate.swift */,
				7E7AA3DC1D5FB4030014A1F5 /* MemeStruct.swift */,
			);
			path = "MemeMe 1.0";
			sourceTree = "<group>";
		};
/* End PBXGroup section */

/* Begin PBXNativeTarget section */
		7EFDEF1A1D5D061900BC2324 /* MemeMe 1.0 */ = {
			isa = PBXNativeTarget;
			buildConfigurationList = 7EFDEF2D1D5D061900BC2324 /* Build configuration list for PBXNativeTarget "MemeMe 1.0" */;
			buildPhases = (
				7EFDEF171D5D061900BC2324 /* Sources */,
				7EFDEF181D5D061900BC2324 /* Frameworks */,
				7EFDEF191D5D061900BC2324 /* Resources */,
			);
			buildRules = (
			);
			dependencies = (
			);
			name = "MemeMe 1.0";
			productName = "MemeMe 1.0";
			productReference = 7EFDEF1B1D5D061900BC2324 /* MemeMe 1.0.app */;
			productType = "com.apple.product-type.application";
		};
/* End PBXNativeTarget section */

/* Begin PBXProject section */
		7EFDEF131D5D061800BC2324 /* Project object */ = {
			isa = PBXProject;
			attributes = {
				LastSwiftUpdateCheck = 0730;
				LastUpgradeCheck = 0730;
				ORGANIZATIONNAME = "pachyderme.li@oli4";
				TargetAttributes = {
					7EFDEF1A1D5D061900BC2324 = {
						CreatedOnToolsVersion = 7.3.1;
					};
				};
			};
			buildConfigurationList = 7EFDEF161D5D061900BC2324 /* Build configuration list for PBXProject "MemeMe 1.0" */;
			compatibilityVersion = "Xcode 3.2";
			developmentRegion = English;
			hasScannedForEncodings = 0;
			knownRegions = (
				en,
				Base,
			);
			mainGroup = 7EFDEF121D5D061800BC2324;
			productRefGroup = 7EFDEF1C1D5D061900BC2324 /* Products */;
			projectDirPath = "";
			projectRoot = "";
			targets = (
				7EFDEF1A1D5D061900BC2324 /* MemeMe 1.0 */,
			);
		};
/* End PBXProject section */

/* Begin PBXResourcesBuildPhase section */
		7EFDEF191D5D061900BC2324 /* Resources */ = {
			isa = PBXResourcesBuildPhase;
			buildActionMask = 2147483647;
			files = (
				7EFDEF291D5D061900BC2324 /* LaunchScreen.storyboard in Resources */,
				7EFDEF331D5D0E6B00BC2324 /* Media.xcassets in Resources */,
				7EFDEF241D5D061900BC2324 /* Main.storyboard in Resources */,
			);
			runOnlyForDeploymentPostprocessing = 0;
		};
/* End PBXResourcesBuildPhase section */

/* Begin PBXSourcesBuildPhase section */
		7EFDEF171D5D061900BC2324 /* Sources */ = {
			isa = PBXSourcesBuildPhase;
			buildActionMask = 2147483647;
			files = (
				7E7AA3DD1D5FB4030014A1F5 /* MemeStruct.swift in Sources */,
				7EFDEF211D5D061900BC2324 /* ViewController.swift in Sources */,
				7EFDEF351D5D158900BC2324 /* MemeTextFieldDelegate.swift in Sources */,
				7EFDEF1F1D5D061900BC2324 /* AppDelegate.swift in Sources */,
			);
			runOnlyForDeploymentPostprocessing = 0;
		};
/* End PBXSourcesBuildPhase section */

/* Begin PBXVariantGroup section */
		7EFDEF221D5D061900BC2324 /* Main.storyboard */ = {
			isa = PBXVariantGroup;
			children = (
				7EFDEF231D5D061900BC2324 /* Base */,
			);
			name = Main.storyboard;
			sourceTree = "<group>";
		};
		7EFDEF271D5D061900BC2324 /* LaunchScreen.storyboard */ = {
			isa = PBXVariantGroup;
			children = (
				7EFDEF281D5D061900BC2324 /* Base */,
			);
			name = LaunchScreen.storyboard;
			sourceTree = "<group>";
		};
/* End PBXVariantGroup section */

/* Begin XCBuildConfiguration section */
		7EFDEF2B1D5D061900BC2324 /* Debug */ = {
			isa = XCBuildConfiguration;
			buildSettings = {
				ALWAYS_SEARCH_USER_PATHS = NO;
				CLANG_ANALYZER_NONNULL = YES;
				CLANG_CXX_LANGUAGE_STANDARD = "gnu++0x";
				CLANG_CXX_LIBRARY = "libc++";
				CLANG_ENABLE_MODULES = YES;
				CLANG_ENABLE_OBJC_ARC = YES;
				CLANG_WARN_BOOL_CONVERSION = YES;
				CLANG_WARN_CONSTANT_CONVERSION = YES;
				CLANG_WARN_DIRECT_OBJC_ISA_USAGE = YES_ERROR;
				CLANG_WARN_EMPTY_BODY = YES;
				CLANG_WARN_ENUM_CONVERSION = YES;
				CLANG_WARN_INT_CONVERSION = YES;
				CLANG_WARN_OBJC_ROOT_CLASS = YES_ERROR;
				CLANG_WARN_UNREACHABLE_CODE = YES;
				CLANG_WARN__DUPLICATE_METHOD_MATCH = YES;
				"CODE_SIGN_IDENTITY[sdk=iphoneos*]" = "iPhone Developer";
				COPY_PHASE_STRIP = NO;
				DEBUG_INFORMATION_FORMAT = dwarf;
				ENABLE_STRICT_OBJC_MSGSEND = YES;
				ENABLE_TESTABILITY = YES;
				GCC_C_LANGUAGE_STANDARD = gnu99;
				GCC_DYNAMIC_NO_PIC = NO;
				GCC_NO_COMMON_BLOCKS = YES;
				GCC_OPTIMIZATION_LEVEL = 0;
				GCC_PREPROCESSOR_DEFINITIONS = (
					"DEBUG=1",
					"$(inherited)",
				);
				GCC_WARN_64_TO_32_BIT_CONVERSION = YES;
				GCC_WARN_ABOUT_RETURN_TYPE = YES_ERROR;
				GCC_WARN_UNDECLARED_SELECTOR = YES;
				GCC_WARN_UNINITIALIZED_AUTOS = YES_AGGRESSIVE;
				GCC_WARN_UNUSED_FUNCTION = YES;
				GCC_WARN_UNUSED_VARIABLE = YES;
				IPHONEOS_DEPLOYMENT_TARGET = 9.3;
				MTL_ENABLE_DEBUG_INFO = YES;
				ONLY_ACTIVE_ARCH = YES;
				SDKROOT = iphoneos;
				SWIFT_OPTIMIZATION_LEVEL = "-Onone";
			};
			name = Debug;
		};
		7EFDEF2C1D5D061900BC2324 /* Release */ = {
			isa = XCBuildConfiguration;
			buildSettings = {
				ALWAYS_SEARCH_USER_PATHS = NO;
				CLANG_ANALYZER_NONNULL = YES;
				CLANG_CXX_LANGUAGE_STANDARD = "gnu++0x";
				CLANG_CXX_LIBRARY = "libc++";
				CLANG_ENABLE_MODULES = YES;
				CLANG_ENABLE_OBJC_ARC = YES;
				CLANG_WARN_BOOL_CONVERSION = YES;
				CLANG_WARN_CONSTANT_CONVERSION = YES;
				CLANG_WARN_DIRECT_OBJC_ISA_USAGE = YES_ERROR;
				CLANG_WARN_EMPTY_BODY = YES;
				CLANG_WARN_ENUM_CONVERSION = YES;
				CLANG_WARN_INT_CONVERSION = YES;
				CLANG_WARN_OBJC_ROOT_CLASS = YES_ERROR;
				CLANG_WARN_UNREACHABLE_CODE = YES;
				CLANG_WARN__DUPLICATE_METHOD_MATCH = YES;
				"CODE_SIGN_IDENTITY[sdk=iphoneos*]" = "iPhone Developer";
				COPY_PHASE_STRIP = NO;
				DEBUG_INFORMATION_FORMAT = "dwarf-with-dsym";
				ENABLE_NS_ASSERTIONS = NO;
				ENABLE_STRICT_OBJC_MSGSEND = YES;
				GCC_C_LANGUAGE_STANDARD = gnu99;
				GCC_NO_COMMON_BLOCKS = YES;
				GCC_WARN_64_TO_32_BIT_CONVERSION = YES;
				GCC_WARN_ABOUT_RETURN_TYPE = YES_ERROR;
				GCC_WARN_UNDECLARED_SELECTOR = YES;
				GCC_WARN_UNINITIALIZED_AUTOS = YES_AGGRESSIVE;
				GCC_WARN_UNUSED_FUNCTION = YES;
				GCC_WARN_UNUSED_VARIABLE = YES;
				IPHONEOS_DEPLOYMENT_TARGET = 9.3;
				MTL_ENABLE_DEBUG_INFO = NO;
				SDKROOT = iphoneos;
				VALIDATE_PRODUCT = YES;
			};
			name = Release;
		};
		7EFDEF2E1D5D061900BC2324 /* Debug */ = {
			isa = XCBuildConfiguration;
			buildSettings = {
				ASSETCATALOG_COMPILER_APPICON_NAME = AppIcon;
				ASSETCATALOG_COMPILER_LAUNCHIMAGE_NAME = LaunchImage;
				INFOPLIST_FILE = "MemeMe 1.0/Info.plist";
				LD_RUNPATH_SEARCH_PATHS = "$(inherited) @executable_path/Frameworks";
				PRODUCT_BUNDLE_IDENTIFIER = "li.pachyderme.MemeMe-1-0";
				PRODUCT_NAME = "$(TARGET_NAME)";
			};
			name = Debug;
		};
		7EFDEF2F1D5D061900BC2324 /* Release */ = {
			isa = XCBuildConfiguration;
			buildSettings = {
				ASSETCATALOG_COMPILER_APPICON_NAME = AppIcon;
				ASSETCATALOG_COMPILER_LAUNCHIMAGE_NAME = LaunchImage;
				INFOPLIST_FILE = "MemeMe 1.0/Info.plist";
				LD_RUNPATH_SEARCH_PATHS = "$(inherited) @executable_path/Frameworks";
				PRODUCT_BUNDLE_IDENTIFIER = "li.pachyderme.MemeMe-1-0";
				PRODUCT_NAME = "$(TARGET_NAME)";
			};
			name = Release;
		};
/* End XCBuildConfiguration section */

/* Begin XCConfigurationList section */
		7EFDEF161D5D061900BC2324 /* Build configuration list for PBXProject "MemeMe 1.0" */ = {
			isa = XCConfigurationList;
			buildConfigurations = (
				7EFDEF2B1D5D061900BC2324 /* Debug */,
				7EFDEF2C1D5D061900BC2324 /* Release */,
			);
			defaultConfigurationIsVisible = 0;
			defaultConfigurationName = Release;
		};
		7EFDEF2D1D5D061900BC2324 /* Build configuration list for PBXNativeTarget "MemeMe 1.0" */ = {
			isa = XCConfigurationList;
			buildConfigurations = (
				7EFDEF2E1D5D061900BC2324 /* Debug */,
				7EFDEF2F1D5D061900BC2324 /* Release */,
			);
			defaultConfigurationIsVisible = 0;
			defaultConfigurationName = Release;
		};
/* End XCConfigurationList section */
	};
	rootObject = 7EFDEF131D5D061800BC2324 /* Project object */;
}
